
Microsoft Visual Studio Solution File, Format Version 12.00
# Visual Studio 15
VisualStudioVersion = 15.0.28307.489
MinimumVisualStudioVersion = 10.0.40219.1
Project("{FAE04EC0-301F-11D3-BF4B-00C04F79EFBC}") = "ScadaWebCommon5", "ScadaWebCommon5\ScadaWebCommon5.csproj", "{BAF45C4F-1BE3-4810-9EA6-3B53894E32BF}"
EndProject
Project("{FAE04EC0-301F-11D3-BF4B-00C04F79EFBC}") = "ScadaWebShell5", "ScadaWebShell5\ScadaWebShell5.csproj", "{868DE826-356E-47A4-9DE7-EA7168FCA90A}"
EndProject
Project("{FAE04EC0-301F-11D3-BF4B-00C04F79EFBC}") = "ScadaData", "..\ScadaData\ScadaData\ScadaData.csproj", "{C5DC293F-13CA-435F-A7DB-4BA91639C292}"
EndProject
Project("{FAE04EC0-301F-11D3-BF4B-00C04F79EFBC}") = "Log", "..\Log\Log\Log.csproj", "{A05EA084-E509-4025-9241-6A5BE5C2B328}"
EndProject
Project("{FAE04EC0-301F-11D3-BF4B-00C04F79EFBC}") = "ScadaWebApi", "ScadaWebApi\ScadaWebApi.csproj", "{75E5E566-2790-4863-A2D0-799BC09BE660}"
EndProject
Project("{2150E333-8FDC-42A3-9474-1A3956D46DE8}") = "Services", "Services", "{57483322-0B0E-42D0-991D-0489CB240D4E}"
EndProject
Project("{FAE04EC0-301F-11D3-BF4B-00C04F79EFBC}") = "ScadaUserService", "..\ScadaServices\ScadaUserService\ScadaUserService\ScadaUserService.csproj", "{BDE24AF7-C6C6-4A55-98B8-E380AF80DFF2}"
EndProject
Project("{FAE04EC0-301F-11D3-BF4B-00C04F79EFBC}") = "ScadaUserService.Contracts", "..\ScadaServices\ScadaUserService\ScadaUserService.Contracts\ScadaUserService.Contracts.csproj", "{91095F93-59A6-49E7-9F38-EC6ED824D227}"
EndProject
Project("{FAE04EC0-301F-11D3-BF4B-00C04F79EFBC}") = "ScadaUserService.Repository", "..\ScadaServices\ScadaUserService\ScadaUserService.Repository\ScadaUserService.Repository.csproj", "{F02E7165-FF66-48C8-A693-B92F9ED7431D}"
EndProject
Global
	GlobalSection(SolutionConfigurationPlatforms) = preSolution
		Debug|Any CPU = Debug|Any CPU
		Release|Any CPU = Release|Any CPU
	EndGlobalSection
	GlobalSection(ProjectConfigurationPlatforms) = postSolution
		{BAF45C4F-1BE3-4810-9EA6-3B53894E32BF}.Debug|Any CPU.ActiveCfg = Debug|Any CPU
		{BAF45C4F-1BE3-4810-9EA6-3B53894E32BF}.Debug|Any CPU.Build.0 = Debug|Any CPU
		{BAF45C4F-1BE3-4810-9EA6-3B53894E32BF}.Release|Any CPU.ActiveCfg = Release|Any CPU
		{BAF45C4F-1BE3-4810-9EA6-3B53894E32BF}.Release|Any CPU.Build.0 = Release|Any CPU
		{868DE826-356E-47A4-9DE7-EA7168FCA90A}.Debug|Any CPU.ActiveCfg = Debug|Any CPU
		{868DE826-356E-47A4-9DE7-EA7168FCA90A}.Debug|Any CPU.Build.0 = Debug|Any CPU
		{868DE826-356E-47A4-9DE7-EA7168FCA90A}.Release|Any CPU.ActiveCfg = Release|Any CPU
		{868DE826-356E-47A4-9DE7-EA7168FCA90A}.Release|Any CPU.Build.0 = Release|Any CPU
		{C5DC293F-13CA-435F-A7DB-4BA91639C292}.Debug|Any CPU.ActiveCfg = Debug|Any CPU
		{C5DC293F-13CA-435F-A7DB-4BA91639C292}.Debug|Any CPU.Build.0 = Debug|Any CPU
		{C5DC293F-13CA-435F-A7DB-4BA91639C292}.Release|Any CPU.ActiveCfg = Release|Any CPU
		{C5DC293F-13CA-435F-A7DB-4BA91639C292}.Release|Any CPU.Build.0 = Release|Any CPU
		{A05EA084-E509-4025-9241-6A5BE5C2B328}.Debug|Any CPU.ActiveCfg = Debug|Any CPU
		{A05EA084-E509-4025-9241-6A5BE5C2B328}.Debug|Any CPU.Build.0 = Debug|Any CPU
		{A05EA084-E509-4025-9241-6A5BE5C2B328}.Release|Any CPU.ActiveCfg = Release|Any CPU
		{A05EA084-E509-4025-9241-6A5BE5C2B328}.Release|Any CPU.Build.0 = Release|Any CPU
		{75E5E566-2790-4863-A2D0-799BC09BE660}.Debug|Any CPU.ActiveCfg = Debug|Any CPU
		{75E5E566-2790-4863-A2D0-799BC09BE660}.Debug|Any CPU.Build.0 = Debug|Any CPU
		{75E5E566-2790-4863-A2D0-799BC09BE660}.Release|Any CPU.ActiveCfg = Release|Any CPU
		{75E5E566-2790-4863-A2D0-799BC09BE660}.Release|Any CPU.Build.0 = Release|Any CPU
		{BDE24AF7-C6C6-4A55-98B8-E380AF80DFF2}.Debug|Any CPU.ActiveCfg = Debug|Any CPU
		{BDE24AF7-C6C6-4A55-98B8-E380AF80DFF2}.Debug|Any CPU.Build.0 = Debug|Any CPU
		{BDE24AF7-C6C6-4A55-98B8-E380AF80DFF2}.Release|Any CPU.ActiveCfg = Release|Any CPU
		{BDE24AF7-C6C6-4A55-98B8-E380AF80DFF2}.Release|Any CPU.Build.0 = Release|Any CPU
		{91095F93-59A6-49E7-9F38-EC6ED824D227}.Debug|Any CPU.ActiveCfg = Debug|Any CPU
		{91095F93-59A6-49E7-9F38-EC6ED824D227}.Debug|Any CPU.Build.0 = Debug|Any CPU
		{91095F93-59A6-49E7-9F38-EC6ED824D227}.Release|Any CPU.ActiveCfg = Release|Any CPU
		{91095F93-59A6-49E7-9F38-EC6ED824D227}.Release|Any CPU.Build.0 = Release|Any CPU
		{F02E7165-FF66-48C8-A693-B92F9ED7431D}.Debug|Any CPU.ActiveCfg = Debug|Any CPU
		{F02E7165-FF66-48C8-A693-B92F9ED7431D}.Debug|Any CPU.Build.0 = Debug|Any CPU
		{F02E7165-FF66-48C8-A693-B92F9ED7431D}.Release|Any CPU.ActiveCfg = Release|Any CPU
		{F02E7165-FF66-48C8-A693-B92F9ED7431D}.Release|Any CPU.Build.0 = Release|Any CPU
	EndGlobalSection
	GlobalSection(SolutionProperties) = preSolution
		HideSolutionNode = FALSE
	EndGlobalSection
	GlobalSection(ExtensibilityGlobals) = postSolution
		SolutionGuid = {8EC7E742-EAB0-413D-9FE9-11888AF73A24}
	EndGlobalSection
	GlobalSection(NestedProjects) = preSolution
		{BDE24AF7-C6C6-4A55-98B8-E380AF80DFF2} = {57483322-0B0E-42D0-991D-0489CB240D4E}
		{91095F93-59A6-49E7-9F38-EC6ED824D227} = {57483322-0B0E-42D0-991D-0489CB240D4E}
		{F02E7165-FF66-48C8-A693-B92F9ED7431D} = {57483322-0B0E-42D0-991D-0489CB240D4E}
	EndGlobalSection
EndGlobal
