
Microsoft Visual Studio Solution File, Format Version 12.00
Project("{FAE04EC0-301F-11D3-BF4B-00C04F79EFBC}") = "ScadaModels", "ScadaModels\ScadaModels.csproj", "{D4427583-B3E1-499B-8545-CB1798AA926B}"
EndProject
Global
	GlobalSection(SolutionConfigurationPlatforms) = preSolution
		Debug|Any CPU = Debug|Any CPU
		Release|Any CPU = Release|Any CPU
	EndGlobalSection
	GlobalSection(ProjectConfigurationPlatforms) = postSolution
		{D4427583-B3E1-499B-8545-CB1798AA926B}.Debug|Any CPU.ActiveCfg = Debug|Any CPU
		{D4427583-B3E1-499B-8545-CB1798AA926B}.Debug|Any CPU.Build.0 = Debug|Any CPU
		{D4427583-B3E1-499B-8545-CB1798AA926B}.Release|Any CPU.ActiveCfg = Release|Any CPU
		{D4427583-B3E1-499B-8545-CB1798AA926B}.Release|Any CPU.Build.0 = Release|Any CPU
	EndGlobalSection
EndGlobal
