Microsoft Visual Studio Solution File, Format Version 12.00
# Visual Studio Version 18
VisualStudioVersion = 18.5.11709.299
MinimumVisualStudioVersion = 10.0.40219.1
Project("{FAE04EC0-301F-11D3-BF4B-00C04F79EFBC}") = "RapidScada.Domain", "src\Core\RapidScada.Domain\RapidScada.Domain.csproj", "{A1000000-0000-0000-0000-000000000001}"
EndProject
Project("{FAE04EC0-301F-11D3-BF4B-00C04F79EFBC}") = "RapidScada.Application", "src\Core\RapidScada.Application\RapidScada.Application.csproj", "{A2000000-0000-0000-0000-000000000002}"
EndProject
Project("{FAE04EC0-301F-11D3-BF4B-00C04F79EFBC}") = "RapidScada.Infrastructure", "src\Infrastructure\RapidScada.Infrastructure\RapidScada.Infrastructure.csproj", "{A3000000-0000-0000-0000-000000000003}"
EndProject
Project("{FAE04EC0-301F-11D3-BF4B-00C04F79EFBC}") = "RapidScada.Persistence", "src\Infrastructure\RapidScada.Persistence\RapidScada.Persistence.csproj", "{A3100000-0000-0000-0000-000000000031}"
EndProject
Project("{FAE04EC0-301F-11D3-BF4B-00C04F79EFBC}") = "RapidScada.Drivers.Modbus", "src\Drivers\RapidScada.Drivers.Modbus\RapidScada.Drivers.Modbus.csproj", "{A4000000-0000-0000-0000-000000000004}"
EndProject
Project("{FAE04EC0-301F-11D3-BF4B-00C04F79EFBC}") = "RapidScada.Drivers.Abstractions", "src\Drivers\RapidScada.Drivers.Abstractions\RapidScada.Drivers.Abstractions.csproj", "{A4100000-0000-0000-0000-000000000041}"
EndProject
Project("{FAE04EC0-301F-11D3-BF4B-00C04F79EFBC}") = "RapidScada.Server", "src\Services\RapidScada.Server\RapidScada.Server.csproj", "{A5000000-0000-0000-0000-000000000005}"
EndProject
Project("{FAE04EC0-301F-11D3-BF4B-00C04F79EFBC}") = "RapidScada.Communicator", "src\Services\RapidScada.Communicator\RapidScada.Communicator.csproj", "{A5100000-0000-0000-0000-000000000051}"
EndProject
Project("{FAE04EC0-301F-11D3-BF4B-00C04F79EFBC}") = "RapidScada.WebApi", "src\Presentation\RapidScada.WebApi\RapidScada.WebApi.csproj", "{A6000000-0000-0000-0000-000000000006}"
EndProject
Project("{FAE04EC0-301F-11D3-BF4B-00C04F79EFBC}") = "RapidScada.Domain.Tests", "tests\RapidScada.Domain.Tests\RapidScada.Domain.Tests.csproj", "{A7000000-0000-0000-0000-000000000007}"
EndProject
Project("{FAE04EC0-301F-11D3-BF4B-00C04F79EFBC}") = "RapidScada.Integration.Tests", "tests\RapidScada.Integration.Tests\RapidScada.Integration.Tests.csproj", "{A7100000-0000-0000-0000-000000000071}"
EndProject
Project("{2150E333-8FDC-42A3-9474-1A3956D46DE8}") = "Drivers", "Drivers", "{3979F2A5-A1CD-413B-8482-C5B0466AB1FF}"
EndProject
Project("{FAE04EC0-301F-11D3-BF4B-00C04F79EFBC}") = "RapidScada.Drivers.Mqtt", "src\Drivers\RapidScada.Drivers.Mqtt\RapidScada.Drivers.Mqtt.csproj", "{B1B2DF52-3779-9FDE-BAE8-52259C3C739A}"
EndProject
Project("{2150E333-8FDC-42A3-9474-1A3956D46DE8}") = "Core", "Core", "{67F9BD5B-A367-4CA3-9E86-507BD4CF3A93}"
EndProject
Project("{2150E333-8FDC-42A3-9474-1A3956D46DE8}") = "Infrastructure", "Infrastructure", "{39DF0DA6-F34E-4B57-BE03-08BDE056B48A}"
EndProject
Project("{2150E333-8FDC-42A3-9474-1A3956D46DE8}") = "Services", "Services", "{37EECF40-0940-40D6-B9E1-D59AE4762846}"
EndProject
Project("{FAE04EC0-301F-11D3-BF4B-00C04F79EFBC}") = "RapidScada.Archiver", "src\Services\RapidScada.Archiver\RapidScada.Archiver.csproj", "{2BD1198E-6CE2-9C0B-1225-4CA1DC4F34BE}"
EndProject
Project("{FAE04EC0-301F-11D3-BF4B-00C04F79EFBC}") = "RapidScada.Identity", "src\Services\RapidScada.Identity\RapidScada.Identity.csproj", "{CB432CC7-A938-F77B-705A-85F4560CB707}"
EndProject
Project("{FAE04EC0-301F-11D3-BF4B-00C04F79EFBC}") = "RapidScada.Notifications", "src\Services\RapidScada.Notifications\RapidScada.Notifications.csproj", "{C1AE3924-724A-BE37-F08B-3F078FBD8390}"
EndProject
Project("{FAE04EC0-301F-11D3-BF4B-00C04F79EFBC}") = "RapidScada.Realtime", "src\Services\RapidScada.Realtime\RapidScada.Realtime.csproj", "{CF229D88-E05B-2346-591E-595FC2DED26B}"
EndProject
Project("{2150E333-8FDC-42A3-9474-1A3956D46DE8}") = "Tests", "Tests", "{3266D9DA-937F-4DEE-8DFB-907F123D7AD4}"
EndProject
Project("{FAE04EC0-301F-11D3-BF4B-00C04F79EFBC}") = "RapidScada.Alarms", "src\Services\RapidScada.Alarms\RapidScada.Alarms.csproj", "{17E2A761-5E1C-EE9E-C4C5-FA58E05A57A6}"
EndProject
Project("{FAE04EC0-301F-11D3-BF4B-00C04F79EFBC}") = "RapidScada.DesktopAdmin", "src\Presentation\DesktopUI\RapidScada.DesktopAdmin\RapidScada.DesktopAdmin.csproj", "{9962C9F1-D1C6-A965-E0E3-7BB4B6943512}"
EndProject
Global
	GlobalSection(SolutionConfigurationPlatforms) = preSolution
		Debug|Any CPU = Debug|Any CPU
		Release|Any CPU = Release|Any CPU
	EndGlobalSection
	GlobalSection(ProjectConfigurationPlatforms) = postSolution
		{A1000000-0000-0000-0000-000000000001}.Debug|Any CPU.ActiveCfg = Debug|Any CPU
		{A1000000-0000-0000-0000-000000000001}.Debug|Any CPU.Build.0 = Debug|Any CPU
		{A1000000-0000-0000-0000-000000000001}.Release|Any CPU.ActiveCfg = Release|Any CPU
		{A1000000-0000-0000-0000-000000000001}.Release|Any CPU.Build.0 = Release|Any CPU
		{A2000000-0000-0000-0000-000000000002}.Debug|Any CPU.ActiveCfg = Debug|Any CPU
		{A2000000-0000-0000-0000-000000000002}.Debug|Any CPU.Build.0 = Debug|Any CPU
		{A2000000-0000-0000-0000-000000000002}.Release|Any CPU.ActiveCfg = Release|Any CPU
		{A2000000-0000-0000-0000-000000000002}.Release|Any CPU.Build.0 = Release|Any CPU
		{A3000000-0000-0000-0000-000000000003}.Debug|Any CPU.ActiveCfg = Debug|Any CPU
		{A3000000-0000-0000-0000-000000000003}.Debug|Any CPU.Build.0 = Debug|Any CPU
		{A3000000-0000-0000-0000-000000000003}.Release|Any CPU.ActiveCfg = Release|Any CPU
		{A3000000-0000-0000-0000-000000000003}.Release|Any CPU.Build.0 = Release|Any CPU
		{A3100000-0000-0000-0000-000000000031}.Debug|Any CPU.ActiveCfg = Debug|Any CPU
		{A3100000-0000-0000-0000-000000000031}.Debug|Any CPU.Build.0 = Debug|Any CPU
		{A3100000-0000-0000-0000-000000000031}.Release|Any CPU.ActiveCfg = Release|Any CPU
		{A3100000-0000-0000-0000-000000000031}.Release|Any CPU.Build.0 = Release|Any CPU
		{A4000000-0000-0000-0000-000000000004}.Debug|Any CPU.ActiveCfg = Debug|Any CPU
		{A4000000-0000-0000-0000-000000000004}.Debug|Any CPU.Build.0 = Debug|Any CPU
		{A4000000-0000-0000-0000-000000000004}.Release|Any CPU.ActiveCfg = Release|Any CPU
		{A4000000-0000-0000-0000-000000000004}.Release|Any CPU.Build.0 = Release|Any CPU
		{A4100000-0000-0000-0000-000000000041}.Debug|Any CPU.ActiveCfg = Debug|Any CPU
		{A4100000-0000-0000-0000-000000000041}.Debug|Any CPU.Build.0 = Debug|Any CPU
		{A4100000-0000-0000-0000-000000000041}.Release|Any CPU.ActiveCfg = Release|Any CPU
		{A4100000-0000-0000-0000-000000000041}.Release|Any CPU.Build.0 = Release|Any CPU
		{A5000000-0000-0000-0000-000000000005}.Debug|Any CPU.ActiveCfg = Debug|Any CPU
		{A5000000-0000-0000-0000-000000000005}.Debug|Any CPU.Build.0 = Debug|Any CPU
		{A5000000-0000-0000-0000-000000000005}.Release|Any CPU.ActiveCfg = Release|Any CPU
		{A5000000-0000-0000-0000-000000000005}.Release|Any CPU.Build.0 = Release|Any CPU
		{A5100000-0000-0000-0000-000000000051}.Debug|Any CPU.ActiveCfg = Debug|Any CPU
		{A5100000-0000-0000-0000-000000000051}.Debug|Any CPU.Build.0 = Debug|Any CPU
		{A5100000-0000-0000-0000-000000000051}.Release|Any CPU.ActiveCfg = Release|Any CPU
		{A5100000-0000-0000-0000-000000000051}.Release|Any CPU.Build.0 = Release|Any CPU
		{A6000000-0000-0000-0000-000000000006}.Debug|Any CPU.ActiveCfg = Debug|Any CPU
		{A6000000-0000-0000-0000-000000000006}.Debug|Any CPU.Build.0 = Debug|Any CPU
		{A6000000-0000-0000-0000-000000000006}.Release|Any CPU.ActiveCfg = Release|Any CPU
		{A6000000-0000-0000-0000-000000000006}.Release|Any CPU.Build.0 = Release|Any CPU
		{A7000000-0000-0000-0000-000000000007}.Debug|Any CPU.ActiveCfg = Debug|Any CPU
		{A7000000-0000-0000-0000-000000000007}.Debug|Any CPU.Build.0 = Debug|Any CPU
		{A7000000-0000-0000-0000-000000000007}.Release|Any CPU.ActiveCfg = Release|Any CPU
		{A7000000-0000-0000-0000-000000000007}.Release|Any CPU.Build.0 = Release|Any CPU
		{A7100000-0000-0000-0000-000000000071}.Debug|Any CPU.ActiveCfg = Debug|Any CPU
		{A7100000-0000-0000-0000-000000000071}.Debug|Any CPU.Build.0 = Debug|Any CPU
		{A7100000-0000-0000-0000-000000000071}.Release|Any CPU.ActiveCfg = Release|Any CPU
		{A7100000-0000-0000-0000-000000000071}.Release|Any CPU.Build.0 = Release|Any CPU
		{B1B2DF52-3779-9FDE-BAE8-52259C3C739A}.Debug|Any CPU.ActiveCfg = Debug|Any CPU
		{B1B2DF52-3779-9FDE-BAE8-52259C3C739A}.Debug|Any CPU.Build.0 = Debug|Any CPU
		{B1B2DF52-3779-9FDE-BAE8-52259C3C739A}.Release|Any CPU.ActiveCfg = Release|Any CPU
		{B1B2DF52-3779-9FDE-BAE8-52259C3C739A}.Release|Any CPU.Build.0 = Release|Any CPU
		{2BD1198E-6CE2-9C0B-1225-4CA1DC4F34BE}.Debug|Any CPU.ActiveCfg = Debug|Any CPU
		{2BD1198E-6CE2-9C0B-1225-4CA1DC4F34BE}.Debug|Any CPU.Build.0 = Debug|Any CPU
		{2BD1198E-6CE2-9C0B-1225-4CA1DC4F34BE}.Release|Any CPU.ActiveCfg = Release|Any CPU
		{2BD1198E-6CE2-9C0B-1225-4CA1DC4F34BE}.Release|Any CPU.Build.0 = Release|Any CPU
		{CB432CC7-A938-F77B-705A-85F4560CB707}.Debug|Any CPU.ActiveCfg = Debug|Any CPU
		{CB432CC7-A938-F77B-705A-85F4560CB707}.Debug|Any CPU.Build.0 = Debug|Any CPU
		{CB432CC7-A938-F77B-705A-85F4560CB707}.Release|Any CPU.ActiveCfg = Release|Any CPU
		{CB432CC7-A938-F77B-705A-85F4560CB707}.Release|Any CPU.Build.0 = Release|Any CPU
		{C1AE3924-724A-BE37-F08B-3F078FBD8390}.Debug|Any CPU.ActiveCfg = Debug|Any CPU
		{C1AE3924-724A-BE37-F08B-3F078FBD8390}.Debug|Any CPU.Build.0 = Debug|Any CPU
		{C1AE3924-724A-BE37-F08B-3F078FBD8390}.Release|Any CPU.ActiveCfg = Release|Any CPU
		{C1AE3924-724A-BE37-F08B-3F078FBD8390}.Release|Any CPU.Build.0 = Release|Any CPU
		{CF229D88-E05B-2346-591E-595FC2DED26B}.Debug|Any CPU.ActiveCfg = Debug|Any CPU
		{CF229D88-E05B-2346-591E-595FC2DED26B}.Debug|Any CPU.Build.0 = Debug|Any CPU
		{CF229D88-E05B-2346-591E-595FC2DED26B}.Release|Any CPU.ActiveCfg = Release|Any CPU
		{CF229D88-E05B-2346-591E-595FC2DED26B}.Release|Any CPU.Build.0 = Release|Any CPU
		{17E2A761-5E1C-EE9E-C4C5-FA58E05A57A6}.Debug|Any CPU.ActiveCfg = Debug|Any CPU
		{17E2A761-5E1C-EE9E-C4C5-FA58E05A57A6}.Debug|Any CPU.Build.0 = Debug|Any CPU
		{17E2A761-5E1C-EE9E-C4C5-FA58E05A57A6}.Release|Any CPU.ActiveCfg = Release|Any CPU
		{17E2A761-5E1C-EE9E-C4C5-FA58E05A57A6}.Release|Any CPU.Build.0 = Release|Any CPU
		{9962C9F1-D1C6-A965-E0E3-7BB4B6943512}.Debug|Any CPU.ActiveCfg = Debug|Any CPU
		{9962C9F1-D1C6-A965-E0E3-7BB4B6943512}.Debug|Any CPU.Build.0 = Debug|Any CPU
		{9962C9F1-D1C6-A965-E0E3-7BB4B6943512}.Release|Any CPU.ActiveCfg = Release|Any CPU
		{9962C9F1-D1C6-A965-E0E3-7BB4B6943512}.Release|Any CPU.Build.0 = Release|Any CPU
	EndGlobalSection
	GlobalSection(SolutionProperties) = preSolution
		HideSolutionNode = FALSE
	EndGlobalSection
	GlobalSection(NestedProjects) = preSolution
		{A1000000-0000-0000-0000-000000000001} = {67F9BD5B-A367-4CA3-9E86-507BD4CF3A93}
		{A2000000-0000-0000-0000-000000000002} = {67F9BD5B-A367-4CA3-9E86-507BD4CF3A93}
		{A3000000-0000-0000-0000-000000000003} = {39DF0DA6-F34E-4B57-BE03-08BDE056B48A}
		{A3100000-0000-0000-0000-000000000031} = {39DF0DA6-F34E-4B57-BE03-08BDE056B48A}
		{A4000000-0000-0000-0000-000000000004} = {3979F2A5-A1CD-413B-8482-C5B0466AB1FF}
		{A4100000-0000-0000-0000-000000000041} = {3979F2A5-A1CD-413B-8482-C5B0466AB1FF}
		{A5000000-0000-0000-0000-000000000005} = {37EECF40-0940-40D6-B9E1-D59AE4762846}
		{A5100000-0000-0000-0000-000000000051} = {37EECF40-0940-40D6-B9E1-D59AE4762846}
		{A7000000-0000-0000-0000-000000000007} = {3266D9DA-937F-4DEE-8DFB-907F123D7AD4}
		{A7100000-0000-0000-0000-000000000071} = {3266D9DA-937F-4DEE-8DFB-907F123D7AD4}
		{B1B2DF52-3779-9FDE-BAE8-52259C3C739A} = {3979F2A5-A1CD-413B-8482-C5B0466AB1FF}
		{2BD1198E-6CE2-9C0B-1225-4CA1DC4F34BE} = {37EECF40-0940-40D6-B9E1-D59AE4762846}
		{CB432CC7-A938-F77B-705A-85F4560CB707} = {37EECF40-0940-40D6-B9E1-D59AE4762846}
		{C1AE3924-724A-BE37-F08B-3F078FBD8390} = {37EECF40-0940-40D6-B9E1-D59AE4762846}
		{CF229D88-E05B-2346-591E-595FC2DED26B} = {37EECF40-0940-40D6-B9E1-D59AE4762846}
		{17E2A761-5E1C-EE9E-C4C5-FA58E05A57A6} = {37EECF40-0940-40D6-B9E1-D59AE4762846}
	EndGlobalSection
	GlobalSection(ExtensibilityGlobals) = postSolution
		SolutionGuid = {3B77DEF8-5241-41FB-A469-08EDB01F89EB}
	EndGlobalSection
EndGlobal
