
Microsoft Visual Studio Solution File, Format Version 12.00
# Visual Studio Version 16
VisualStudioVersion = 16.0.28803.202
MinimumVisualStudioVersion = 10.0.40219.1
Project("{FAE04EC0-301F-11D3-BF4B-00C04F79EFBC}") = "ScadaCommSvc", "ScadaCommSvc\ScadaCommSvc.csproj", "{004F8580-2350-4137-872E-8B0BE6D9FE40}"
EndProject
Project("{FAE04EC0-301F-11D3-BF4B-00C04F79EFBC}") = "ScadaCommCtrl", "ScadaCommCtrl\ScadaCommCtrl.csproj", "{6B729F44-5178-471D-B636-D9FD8D049D4B}"
EndProject
Project("{FAE04EC0-301F-11D3-BF4B-00C04F79EFBC}") = "ScadaCommCommon", "ScadaCommCommon\ScadaCommCommon.csproj", "{7BAEAE0E-4694-41D7-BC29-F205AEF69741}"
EndProject
Project("{FAE04EC0-301F-11D3-BF4B-00C04F79EFBC}") = "Log", "..\Log\Log\Log.csproj", "{A05EA084-E509-4025-9241-6A5BE5C2B328}"
EndProject
Project("{FAE04EC0-301F-11D3-BF4B-00C04F79EFBC}") = "ScadaData", "..\ScadaData\ScadaData\ScadaData.csproj", "{C5DC293F-13CA-435F-A7DB-4BA91639C292}"
EndProject
Project("{FAE04EC0-301F-11D3-BF4B-00C04F79EFBC}") = "ScadaData.Svc", "..\ScadaData\ScadaData.Svc\ScadaData.Svc.csproj", "{827CCEDC-F418-4261-9448-EA28F9033A4D}"
EndProject
Global
	GlobalSection(SolutionConfigurationPlatforms) = preSolution
		Debug|Any CPU = Debug|Any CPU
		Release|Any CPU = Release|Any CPU
	EndGlobalSection
	GlobalSection(ProjectConfigurationPlatforms) = postSolution
		{004F8580-2350-4137-872E-8B0BE6D9FE40}.Debug|Any CPU.ActiveCfg = Debug|Any CPU
		{004F8580-2350-4137-872E-8B0BE6D9FE40}.Release|Any CPU.ActiveCfg = Release|Any CPU
		{004F8580-2350-4137-872E-8B0BE6D9FE40}.Release|Any CPU.Build.0 = Release|Any CPU
		{6B729F44-5178-471D-B636-D9FD8D049D4B}.Debug|Any CPU.ActiveCfg = Debug|Any CPU
		{6B729F44-5178-471D-B636-D9FD8D049D4B}.Debug|Any CPU.Build.0 = Debug|Any CPU
		{6B729F44-5178-471D-B636-D9FD8D049D4B}.Release|Any CPU.ActiveCfg = Release|Any CPU
		{6B729F44-5178-471D-B636-D9FD8D049D4B}.Release|Any CPU.Build.0 = Release|Any CPU
		{7BAEAE0E-4694-41D7-BC29-F205AEF69741}.Debug|Any CPU.ActiveCfg = Debug|Any CPU
		{7BAEAE0E-4694-41D7-BC29-F205AEF69741}.Debug|Any CPU.Build.0 = Debug|Any CPU
		{7BAEAE0E-4694-41D7-BC29-F205AEF69741}.Release|Any CPU.ActiveCfg = Release|Any CPU
		{7BAEAE0E-4694-41D7-BC29-F205AEF69741}.Release|Any CPU.Build.0 = Release|Any CPU
		{A05EA084-E509-4025-9241-6A5BE5C2B328}.Debug|Any CPU.ActiveCfg = Debug|Any CPU
		{A05EA084-E509-4025-9241-6A5BE5C2B328}.Debug|Any CPU.Build.0 = Debug|Any CPU
		{A05EA084-E509-4025-9241-6A5BE5C2B328}.Release|Any CPU.ActiveCfg = Release|Any CPU
		{A05EA084-E509-4025-9241-6A5BE5C2B328}.Release|Any CPU.Build.0 = Release|Any CPU
		{C5DC293F-13CA-435F-A7DB-4BA91639C292}.Debug|Any CPU.ActiveCfg = Debug|Any CPU
		{C5DC293F-13CA-435F-A7DB-4BA91639C292}.Debug|Any CPU.Build.0 = Debug|Any CPU
		{C5DC293F-13CA-435F-A7DB-4BA91639C292}.Release|Any CPU.ActiveCfg = Release|Any CPU
		{C5DC293F-13CA-435F-A7DB-4BA91639C292}.Release|Any CPU.Build.0 = Release|Any CPU
		{827CCEDC-F418-4261-9448-EA28F9033A4D}.Debug|Any CPU.ActiveCfg = Debug|Any CPU
		{827CCEDC-F418-4261-9448-EA28F9033A4D}.Debug|Any CPU.Build.0 = Debug|Any CPU
		{827CCEDC-F418-4261-9448-EA28F9033A4D}.Release|Any CPU.ActiveCfg = Release|Any CPU
		{827CCEDC-F418-4261-9448-EA28F9033A4D}.Release|Any CPU.Build.0 = Release|Any CPU
	EndGlobalSection
	GlobalSection(SolutionProperties) = preSolution
		HideSolutionNode = FALSE
	EndGlobalSection
	GlobalSection(ExtensibilityGlobals) = postSolution
		SolutionGuid = {03E21A7B-3C64-4252-ABAC-81FD924AAB62}
	EndGlobalSection
EndGlobal
