
Microsoft Visual Studio Solution File, Format Version 12.00
# Visual Studio Version 16
VisualStudioVersion = 16.0.28803.202
MinimumVisualStudioVersion = 10.0.40219.1
Project("{FAE04EC0-301F-11D3-BF4B-00C04F79EFBC}") = "PlgConfig", "PlgConfig\PlgConfig.csproj", "{BA16503A-0E79-42C1-94C7-F690A0DA145E}"
EndProject
Project("{FAE04EC0-301F-11D3-BF4B-00C04F79EFBC}") = "PlgTable", "PlgTable\PlgTable.csproj", "{7AE30E67-D10E-44B9-AC7A-81E21C8839E8}"
EndProject
Project("{FAE04EC0-301F-11D3-BF4B-00C04F79EFBC}") = "PlgChart", "PlgChart\PlgChart.csproj", "{72AFAED2-953D-4939-A828-8EC8A63AB19F}"
EndProject
Project("{FAE04EC0-301F-11D3-BF4B-00C04F79EFBC}") = "PlgWebPage", "PlgWebPage\PlgWebPage.csproj", "{CC838844-D847-4230-B0B8-1747F4CA080B}"
EndProject
Project("{FAE04EC0-301F-11D3-BF4B-00C04F79EFBC}") = "PlgChartCommon", "PlgChartCommon\PlgChartCommon.csproj", "{827AC062-9C5E-429F-ABBF-368E84CEC9B7}"
EndProject
Project("{FAE04EC0-301F-11D3-BF4B-00C04F79EFBC}") = "PlgMonitor", "PlgMonitor\PlgMonitor.csproj", "{3A48FD69-7F01-4562-B9D7-E4984DA03BA9}"
EndProject
Project("{FAE04EC0-301F-11D3-BF4B-00C04F79EFBC}") = "PlgTableCommon", "PlgTableCommon\PlgTableCommon.csproj", "{F0DD8F7E-F741-47B3-925C-10B05F0112A7}"
EndProject
Project("{FAE04EC0-301F-11D3-BF4B-00C04F79EFBC}") = "Log", "..\..\Log\Log\Log.csproj", "{A05EA084-E509-4025-9241-6A5BE5C2B328}"
EndProject
Project("{FAE04EC0-301F-11D3-BF4B-00C04F79EFBC}") = "ScadaWebCommon5", "..\ScadaWebCommon5\ScadaWebCommon5.csproj", "{BAF45C4F-1BE3-4810-9EA6-3B53894E32BF}"
EndProject
Project("{FAE04EC0-301F-11D3-BF4B-00C04F79EFBC}") = "ScadaData", "..\..\ScadaData\ScadaData\ScadaData.csproj", "{C5DC293F-13CA-435F-A7DB-4BA91639C292}"
EndProject
Project("{FAE04EC0-301F-11D3-BF4B-00C04F79EFBC}") = "RepBuilder", "..\..\Report\RepBuilder\RepBuilder.csproj", "{59393DBD-5EDD-46D0-8157-0C6151621D5E}"
EndProject
Project("{FAE04EC0-301F-11D3-BF4B-00C04F79EFBC}") = "PlgReactRendererCommon", "ReactRendererCommon\PlgReactRendererCommon.csproj", "{6E03D8CD-DDD1-433F-99F3-2A1E269B7B16}"
EndProject
Project("{FAE04EC0-301F-11D3-BF4B-00C04F79EFBC}") = "PlgReactRenderer", "PlgReactRenderer\PlgReactRenderer.csproj", "{265B107E-939E-4232-AF6F-A4C26102ED8E}"
EndProject
Project("{FAE04EC0-301F-11D3-BF4B-00C04F79EFBC}") = "PlgNetworkDiagnostic", "PlgNetworkDiagnostic\PlgNetworkDiagnostic.csproj", "{690D649B-4E60-4475-918E-DFCD84F4A4BF}"
EndProject
Global
	GlobalSection(SolutionConfigurationPlatforms) = preSolution
		Debug|Any CPU = Debug|Any CPU
		Release|Any CPU = Release|Any CPU
	EndGlobalSection
	GlobalSection(ProjectConfigurationPlatforms) = postSolution
		{BA16503A-0E79-42C1-94C7-F690A0DA145E}.Debug|Any CPU.ActiveCfg = Debug|Any CPU
		{BA16503A-0E79-42C1-94C7-F690A0DA145E}.Debug|Any CPU.Build.0 = Debug|Any CPU
		{BA16503A-0E79-42C1-94C7-F690A0DA145E}.Release|Any CPU.ActiveCfg = Release|Any CPU
		{BA16503A-0E79-42C1-94C7-F690A0DA145E}.Release|Any CPU.Build.0 = Release|Any CPU
		{7AE30E67-D10E-44B9-AC7A-81E21C8839E8}.Debug|Any CPU.ActiveCfg = Debug|Any CPU
		{7AE30E67-D10E-44B9-AC7A-81E21C8839E8}.Debug|Any CPU.Build.0 = Debug|Any CPU
		{7AE30E67-D10E-44B9-AC7A-81E21C8839E8}.Release|Any CPU.ActiveCfg = Release|Any CPU
		{7AE30E67-D10E-44B9-AC7A-81E21C8839E8}.Release|Any CPU.Build.0 = Release|Any CPU
		{72AFAED2-953D-4939-A828-8EC8A63AB19F}.Debug|Any CPU.ActiveCfg = Debug|Any CPU
		{72AFAED2-953D-4939-A828-8EC8A63AB19F}.Debug|Any CPU.Build.0 = Debug|Any CPU
		{72AFAED2-953D-4939-A828-8EC8A63AB19F}.Release|Any CPU.ActiveCfg = Release|Any CPU
		{72AFAED2-953D-4939-A828-8EC8A63AB19F}.Release|Any CPU.Build.0 = Release|Any CPU
		{CC838844-D847-4230-B0B8-1747F4CA080B}.Debug|Any CPU.ActiveCfg = Debug|Any CPU
		{CC838844-D847-4230-B0B8-1747F4CA080B}.Debug|Any CPU.Build.0 = Debug|Any CPU
		{CC838844-D847-4230-B0B8-1747F4CA080B}.Release|Any CPU.ActiveCfg = Release|Any CPU
		{CC838844-D847-4230-B0B8-1747F4CA080B}.Release|Any CPU.Build.0 = Release|Any CPU
		{827AC062-9C5E-429F-ABBF-368E84CEC9B7}.Debug|Any CPU.ActiveCfg = Debug|Any CPU
		{827AC062-9C5E-429F-ABBF-368E84CEC9B7}.Debug|Any CPU.Build.0 = Debug|Any CPU
		{827AC062-9C5E-429F-ABBF-368E84CEC9B7}.Release|Any CPU.ActiveCfg = Release|Any CPU
		{827AC062-9C5E-429F-ABBF-368E84CEC9B7}.Release|Any CPU.Build.0 = Release|Any CPU
		{3A48FD69-7F01-4562-B9D7-E4984DA03BA9}.Debug|Any CPU.ActiveCfg = Debug|Any CPU
		{3A48FD69-7F01-4562-B9D7-E4984DA03BA9}.Debug|Any CPU.Build.0 = Debug|Any CPU
		{3A48FD69-7F01-4562-B9D7-E4984DA03BA9}.Release|Any CPU.ActiveCfg = Release|Any CPU
		{3A48FD69-7F01-4562-B9D7-E4984DA03BA9}.Release|Any CPU.Build.0 = Release|Any CPU
		{F0DD8F7E-F741-47B3-925C-10B05F0112A7}.Debug|Any CPU.ActiveCfg = Debug|Any CPU
		{F0DD8F7E-F741-47B3-925C-10B05F0112A7}.Debug|Any CPU.Build.0 = Debug|Any CPU
		{F0DD8F7E-F741-47B3-925C-10B05F0112A7}.Release|Any CPU.ActiveCfg = Release|Any CPU
		{F0DD8F7E-F741-47B3-925C-10B05F0112A7}.Release|Any CPU.Build.0 = Release|Any CPU
		{A05EA084-E509-4025-9241-6A5BE5C2B328}.Debug|Any CPU.ActiveCfg = Debug|Any CPU
		{A05EA084-E509-4025-9241-6A5BE5C2B328}.Debug|Any CPU.Build.0 = Debug|Any CPU
		{A05EA084-E509-4025-9241-6A5BE5C2B328}.Release|Any CPU.ActiveCfg = Release|Any CPU
		{A05EA084-E509-4025-9241-6A5BE5C2B328}.Release|Any CPU.Build.0 = Release|Any CPU
		{BAF45C4F-1BE3-4810-9EA6-3B53894E32BF}.Debug|Any CPU.ActiveCfg = Debug|Any CPU
		{BAF45C4F-1BE3-4810-9EA6-3B53894E32BF}.Debug|Any CPU.Build.0 = Debug|Any CPU
		{BAF45C4F-1BE3-4810-9EA6-3B53894E32BF}.Release|Any CPU.ActiveCfg = Release|Any CPU
		{BAF45C4F-1BE3-4810-9EA6-3B53894E32BF}.Release|Any CPU.Build.0 = Release|Any CPU
		{C5DC293F-13CA-435F-A7DB-4BA91639C292}.Debug|Any CPU.ActiveCfg = Debug|Any CPU
		{C5DC293F-13CA-435F-A7DB-4BA91639C292}.Debug|Any CPU.Build.0 = Debug|Any CPU
		{C5DC293F-13CA-435F-A7DB-4BA91639C292}.Release|Any CPU.ActiveCfg = Release|Any CPU
		{C5DC293F-13CA-435F-A7DB-4BA91639C292}.Release|Any CPU.Build.0 = Release|Any CPU
		{59393DBD-5EDD-46D0-8157-0C6151621D5E}.Debug|Any CPU.ActiveCfg = Debug|Any CPU
		{59393DBD-5EDD-46D0-8157-0C6151621D5E}.Debug|Any CPU.Build.0 = Debug|Any CPU
		{59393DBD-5EDD-46D0-8157-0C6151621D5E}.Release|Any CPU.ActiveCfg = Release|Any CPU
		{59393DBD-5EDD-46D0-8157-0C6151621D5E}.Release|Any CPU.Build.0 = Release|Any CPU
		{6E03D8CD-DDD1-433F-99F3-2A1E269B7B16}.Debug|Any CPU.ActiveCfg = Debug|Any CPU
		{6E03D8CD-DDD1-433F-99F3-2A1E269B7B16}.Debug|Any CPU.Build.0 = Debug|Any CPU
		{6E03D8CD-DDD1-433F-99F3-2A1E269B7B16}.Release|Any CPU.ActiveCfg = Release|Any CPU
		{6E03D8CD-DDD1-433F-99F3-2A1E269B7B16}.Release|Any CPU.Build.0 = Release|Any CPU
		{265B107E-939E-4232-AF6F-A4C26102ED8E}.Debug|Any CPU.ActiveCfg = Debug|Any CPU
		{265B107E-939E-4232-AF6F-A4C26102ED8E}.Debug|Any CPU.Build.0 = Debug|Any CPU
		{265B107E-939E-4232-AF6F-A4C26102ED8E}.Release|Any CPU.ActiveCfg = Release|Any CPU
		{265B107E-939E-4232-AF6F-A4C26102ED8E}.Release|Any CPU.Build.0 = Release|Any CPU
		{690D649B-4E60-4475-918E-DFCD84F4A4BF}.Debug|Any CPU.ActiveCfg = Debug|Any CPU
		{690D649B-4E60-4475-918E-DFCD84F4A4BF}.Debug|Any CPU.Build.0 = Debug|Any CPU
		{690D649B-4E60-4475-918E-DFCD84F4A4BF}.Release|Any CPU.ActiveCfg = Release|Any CPU
		{690D649B-4E60-4475-918E-DFCD84F4A4BF}.Release|Any CPU.Build.0 = Release|Any CPU
	EndGlobalSection
	GlobalSection(SolutionProperties) = preSolution
		HideSolutionNode = FALSE
	EndGlobalSection
	GlobalSection(ExtensibilityGlobals) = postSolution
		SolutionGuid = {46F94397-833A-4F9E-B284-602BE27F845F}
	EndGlobalSection
EndGlobal
