
Microsoft Visual Studio Solution File, Format Version 12.00
# Visual Studio Version 16
VisualStudioVersion = 16.0.29102.190
MinimumVisualStudioVersion = 10.0.40219.1
Project("{FAE04EC0-301F-11D3-BF4B-00C04F79EFBC}") = "ScadaSchemeCommon", "ScadaSchemeCommon\ScadaSchemeCommon.csproj", "{B61C631D-5AB8-431A-93C9-3DC8B36878BB}"
EndProject
Project("{FAE04EC0-301F-11D3-BF4B-00C04F79EFBC}") = "ScadaSchemeEditor", "ScadaSchemeEditor\ScadaSchemeEditor.csproj", "{E9317739-84F5-4207-87E3-F7AC6192EE48}"
EndProject
Project("{FAE04EC0-301F-11D3-BF4B-00C04F79EFBC}") = "PlgScheme", "PlgScheme\PlgScheme.csproj", "{36CBF606-7F85-4E46-BC7A-C86CACF675B2}"
EndProject
Project("{FAE04EC0-301F-11D3-BF4B-00C04F79EFBC}") = "PlgSchBasicComp", "PlgSchBasicComp\PlgSchBasicComp.csproj", "{85BD72F3-A9FC-4F6F-BE3A-5A045CF734AE}"
EndProject
Project("{FAE04EC0-301F-11D3-BF4B-00C04F79EFBC}") = "Log", "..\..\Log\Log\Log.csproj", "{A05EA084-E509-4025-9241-6A5BE5C2B328}"
EndProject
Project("{FAE04EC0-301F-11D3-BF4B-00C04F79EFBC}") = "ScadaData", "..\..\ScadaData\ScadaData\ScadaData.csproj", "{C5DC293F-13CA-435F-A7DB-4BA91639C292}"
EndProject
Project("{FAE04EC0-301F-11D3-BF4B-00C04F79EFBC}") = "ScadaWebCommon5", "..\ScadaWebCommon5\ScadaWebCommon5.csproj", "{BAF45C4F-1BE3-4810-9EA6-3B53894E32BF}"
EndProject
Global
	GlobalSection(SolutionConfigurationPlatforms) = preSolution
		Debug|Any CPU = Debug|Any CPU
		Release|Any CPU = Release|Any CPU
	EndGlobalSection
	GlobalSection(ProjectConfigurationPlatforms) = postSolution
		{B61C631D-5AB8-431A-93C9-3DC8B36878BB}.Debug|Any CPU.ActiveCfg = Debug|Any CPU
		{B61C631D-5AB8-431A-93C9-3DC8B36878BB}.Debug|Any CPU.Build.0 = Debug|Any CPU
		{B61C631D-5AB8-431A-93C9-3DC8B36878BB}.Release|Any CPU.ActiveCfg = Release|Any CPU
		{B61C631D-5AB8-431A-93C9-3DC8B36878BB}.Release|Any CPU.Build.0 = Release|Any CPU
		{E9317739-84F5-4207-87E3-F7AC6192EE48}.Debug|Any CPU.ActiveCfg = Debug|Any CPU
		{E9317739-84F5-4207-87E3-F7AC6192EE48}.Debug|Any CPU.Build.0 = Debug|Any CPU
		{E9317739-84F5-4207-87E3-F7AC6192EE48}.Release|Any CPU.ActiveCfg = Release|Any CPU
		{E9317739-84F5-4207-87E3-F7AC6192EE48}.Release|Any CPU.Build.0 = Release|Any CPU
		{36CBF606-7F85-4E46-BC7A-C86CACF675B2}.Debug|Any CPU.ActiveCfg = Debug|Any CPU
		{36CBF606-7F85-4E46-BC7A-C86CACF675B2}.Debug|Any CPU.Build.0 = Debug|Any CPU
		{36CBF606-7F85-4E46-BC7A-C86CACF675B2}.Release|Any CPU.ActiveCfg = Release|Any CPU
		{36CBF606-7F85-4E46-BC7A-C86CACF675B2}.Release|Any CPU.Build.0 = Release|Any CPU
		{85BD72F3-A9FC-4F6F-BE3A-5A045CF734AE}.Debug|Any CPU.ActiveCfg = Debug|Any CPU
		{85BD72F3-A9FC-4F6F-BE3A-5A045CF734AE}.Debug|Any CPU.Build.0 = Debug|Any CPU
		{85BD72F3-A9FC-4F6F-BE3A-5A045CF734AE}.Release|Any CPU.ActiveCfg = Release|Any CPU
		{85BD72F3-A9FC-4F6F-BE3A-5A045CF734AE}.Release|Any CPU.Build.0 = Release|Any CPU
		{A05EA084-E509-4025-9241-6A5BE5C2B328}.Debug|Any CPU.ActiveCfg = Debug|Any CPU
		{A05EA084-E509-4025-9241-6A5BE5C2B328}.Debug|Any CPU.Build.0 = Debug|Any CPU
		{A05EA084-E509-4025-9241-6A5BE5C2B328}.Release|Any CPU.ActiveCfg = Release|Any CPU
		{A05EA084-E509-4025-9241-6A5BE5C2B328}.Release|Any CPU.Build.0 = Release|Any CPU
		{C5DC293F-13CA-435F-A7DB-4BA91639C292}.Debug|Any CPU.ActiveCfg = Debug|Any CPU
		{C5DC293F-13CA-435F-A7DB-4BA91639C292}.Debug|Any CPU.Build.0 = Debug|Any CPU
		{C5DC293F-13CA-435F-A7DB-4BA91639C292}.Release|Any CPU.ActiveCfg = Release|Any CPU
		{C5DC293F-13CA-435F-A7DB-4BA91639C292}.Release|Any CPU.Build.0 = Release|Any CPU
		{BAF45C4F-1BE3-4810-9EA6-3B53894E32BF}.Debug|Any CPU.ActiveCfg = Debug|Any CPU
		{BAF45C4F-1BE3-4810-9EA6-3B53894E32BF}.Debug|Any CPU.Build.0 = Debug|Any CPU
		{BAF45C4F-1BE3-4810-9EA6-3B53894E32BF}.Release|Any CPU.ActiveCfg = Release|Any CPU
		{BAF45C4F-1BE3-4810-9EA6-3B53894E32BF}.Release|Any CPU.Build.0 = Release|Any CPU
	EndGlobalSection
	GlobalSection(SolutionProperties) = preSolution
		HideSolutionNode = FALSE
	EndGlobalSection
	GlobalSection(ExtensibilityGlobals) = postSolution
		SolutionGuid = {4277569D-D586-45BE-9EEF-D10FAD692DE7}
	EndGlobalSection
EndGlobal
